{
  "name": "sms-registration-chart",
  "version": "0.9.0",
  "lockfileVersion": 2,
  "requires": true,
  "packages": {
    "": {
      "name": "sms-registration-chart",
      "version": "0.9.0",
      "license": "ISC",
      "dependencies": {
        "chart.js": "^3.8.0",
        "chartjs-adapter-date-fns": "^2.0.0",
        "chartjs-plugin-annotation": "^1.4.0",
        "chartjs-plugin-crosshair": "^1.2.0",
        "date-fns": "^2.29.1"
      }
    },
    "node_modules/chart.js": {
      "version": "3.8.0",
      "resolved": "https://registry.npmjs.org/chart.js/-/chart.js-3.8.0.tgz",
      "integrity": "sha512-cr8xhrXjLIXVLOBZPkBZVF6NDeiVIrPLHcMhnON7UufudL+CNeRrD+wpYanswlm8NpudMdrt3CHoLMQMxJhHRg=="
    },
    "node_modules/chartjs-adapter-date-fns": {
      "version": "2.0.0",
      "resolved": "https://registry.npmjs.org/chartjs-adapter-date-fns/-/chartjs-adapter-date-fns-2.0.0.tgz",
      "integrity": "sha512-rmZINGLe+9IiiEB0kb57vH3UugAtYw33anRiw5kS2Tu87agpetDDoouquycWc9pRsKtQo5j+vLsYHyr8etAvFw==",
      "peerDependencies": {
        "chart.js": "^3.0.0"
      }
    },
    "node_modules/chartjs-plugin-annotation": {
      "version": "1.4.0",
      "resolved": "https://registry.npmjs.org/chartjs-plugin-annotation/-/chartjs-plugin-annotation-1.4.0.tgz",
      "integrity": "sha512-OC0eGoVvdxTtGGi8mV3Dr+G1YmMhtYYQWqGMb2uWcgcnyiBslaRKPofKwAYWPbh7ABnmQNsNDQLIKPH+XiaZLA==",
      "peerDependencies": {
        "chart.js": "^3.1.0"
      }
    },
    "node_modules/chartjs-plugin-crosshair": {
      "version": "1.2.0",
      "resolved": "https://registry.npmjs.org/chartjs-plugin-crosshair/-/chartjs-plugin-crosshair-1.2.0.tgz",
      "integrity": "sha512-yohsbME+wT1ODBdErBzWnC6xUDcn2tLeWmGjGDTykjpiT7+FMgibffajxqaCVmdzselxNPirpt76vx33EewSSQ==",
      "peerDependencies": {
        "chart.js": "^3.4.0"
      }
    },
    "node_modules/date-fns": {
      "version": "2.29.1",
      "resolved": "https://registry.npmjs.org/date-fns/-/date-fns-2.29.1.tgz",
      "integrity": "sha512-dlLD5rKaKxpFdnjrs+5azHDFOPEu4ANy/LTh04A1DTzMM7qoajmKCBc8pkKRFT41CNzw+4gQh79X5C+Jq27HAw==",
      "engines": {
        "node": ">=0.11"
      },
      "funding": {
        "type": "opencollective",
        "url": "https://opencollective.com/date-fns"
      }
    }
  },
  "dependencies": {
    "chart.js": {
      "version": "3.8.0",
      "resolved": "https://registry.npmjs.org/chart.js/-/chart.js-3.8.0.tgz",
      "integrity": "sha512-cr8xhrXjLIXVLOBZPkBZVF6NDeiVIrPLHcMhnON7UufudL+CNeRrD+wpYanswlm8NpudMdrt3CHoLMQMxJhHRg=="
    },
    "chartjs-adapter-date-fns": {
      "version": "2.0.0",
      "resolved": "https://registry.npmjs.org/chartjs-adapter-date-fns/-/chartjs-adapter-date-fns-2.0.0.tgz",
      "integrity": "sha512-rmZINGLe+9IiiEB0kb57vH3UugAtYw33anRiw5kS2Tu87agpetDDoouquycWc9pRsKtQo5j+vLsYHyr8etAvFw==",
      "requires": {}
    },
    "chartjs-plugin-annotation": {
      "version": "1.4.0",
      "resolved": "https://registry.npmjs.org/chartjs-plugin-annotation/-/chartjs-plugin-annotation-1.4.0.tgz",
      "integrity": "sha512-OC0eGoVvdxTtGGi8mV3Dr+G1YmMhtYYQWqGMb2uWcgcnyiBslaRKPofKwAYWPbh7ABnmQNsNDQLIKPH+XiaZLA==",
      "requires": {}
    },
    "chartjs-plugin-crosshair": {
      "version": "1.2.0",
      "resolved": "https://registry.npmjs.org/chartjs-plugin-crosshair/-/chartjs-plugin-crosshair-1.2.0.tgz",
      "integrity": "sha512-yohsbME+wT1ODBdErBzWnC6xUDcn2tLeWmGjGDTykjpiT7+FMgibffajxqaCVmdzselxNPirpt76vx33EewSSQ==",
      "requires": {}
    },
    "date-fns": {
      "version": "2.29.1",
      "resolved": "https://registry.npmjs.org/date-fns/-/date-fns-2.29.1.tgz",
      "integrity": "sha512-dlLD5rKaKxpFdnjrs+5azHDFOPEu4ANy/LTh04A1DTzMM7qoajmKCBc8pkKRFT41CNzw+4gQh79X5C+Jq27HAw=="
    }
  }
}
